
Microsoft Visual Studio Solution File, Format Version 12.00
# Visual Studio Version 17
VisualStudioVersion = 17.0.31903.59
MinimumVisualStudioVersion = 10.0.40219.1
Project("{FAE04EC0-301F-11D3-BF4B-00C04F79EFBC}") = "Tyuiu.ZhuravlevKD.Sprint0.Task0.V0", "Tyuiu.ZhuravlevKD.Sprint0.Task0.V0/Tyuiu.ZhuravlevKD.Sprint0.Task0.V0.csproj", "{F1769CCD-B5E2-425E-A1A6-F91E1770F210}"
EndProject
Project("{FAE04EC0-301F-11D3-BF4B-00C04F79EFBC}") = "Tyuiu.ZhuravlevKD.Sprint0.Task1.V0", "Tyuiu.ZhuravlevKD.Sprint0.Task1.V0/Tyuiu.ZhuravlevKD.Sprint0.Task1.V0.csproj", "{DFFBFAAF-5529-4891-8415-79B52294649C}"
EndProject
Project("{2150E333-8FDC-42A3-9474-1A3956D46DE8}") = "Task2", "Task2", "{B5E5521B-B272-4142-80C9-C297397F0CDF}"
EndProject
Project("{FAE04EC0-301F-11D3-BF4B-00C04F79EFBC}") = "Tyuiu.ZhuravlevKD.Sprint0.Task2.V0", "Tyuiu.ZhuravlevKD.Sprint0.Task2.V0\Tyuiu.ZhuravlevKD.Sprint0.Task2.V0.csproj", "{AFFB0314-7057-4149-9878-A6329390F8A8}"
EndProject
Project("{FAE04EC0-301F-11D3-BF4B-00C04F79EFBC}") = "Tyuiu.ZhuravlevKD.Sprint0.Task2.V0.Lib", "Tyuiu.ZhuravlevKD.Sprint0.Task2.V0.Lib\Tyuiu.ZhuravlevKD.Sprint0.Task2.V0.Lib.csproj", "{C99978DB-6699-40DB-88BF-7D599AD2B7BB}"
EndProject
Project("{FAE04EC0-301F-11D3-BF4B-00C04F79EFBC}") = "Tyuiu.ZhuravlevKD.Sprint0.Task2.V0.Test", "Tyuiu.ZhuravlevKD.Sprint0.Task2.V0.Test\Tyuiu.ZhuravlevKD.Sprint0.Task2.V0.Test.csproj", "{43010A9E-0CFD-4E9A-A477-0E63DF46E3FC}"
EndProject
Project("{2150E333-8FDC-42A3-9474-1A3956D46DE8}") = "Task3", "Task3", "{49C6F5FA-F5E0-4448-972C-059BA94E7819}"
EndProject
Project("{FAE04EC0-301F-11D3-BF4B-00C04F79EFBC}") = "Tyuiu.ZhuravlevKD.Sprint0.Task3.V0", "Tyuiu.ZhuravlevKD.Sprint0.Task3.V0\Tyuiu.ZhuravlevKD.Sprint0.Task3.V0.csproj", "{1372B528-4179-49C5-936D-B1C7588F1BB7}"
EndProject
Project("{FAE04EC0-301F-11D3-BF4B-00C04F79EFBC}") = "Tyuiu.ZhuravlevKD.Sprint0.Task3.V0.Lib", "Tyuiu.ZhuravlevKD.Sprint0.Task3.V0.Lib\Tyuiu.ZhuravlevKD.Sprint0.Task3.V0.Lib.csproj", "{7C91DC93-3374-4B3D-BF6E-4E728211EF2E}"
EndProject
Project("{FAE04EC0-301F-11D3-BF4B-00C04F79EFBC}") = "Tyuiu.ZhuravlevKD.Sprint0.Task3.V0.Test", "Tyuiu.ZhuravlevKD.Sprint0.Task3.V0.Test\Tyuiu.ZhuravlevKD.Sprint0.Task3.V0.Test.csproj", "{07A65E2B-4283-4049-B381-350DFA262904}"
EndProject
Project("{2150E333-8FDC-42A3-9474-1A3956D46DE8}") = "Task4", "Task4", "{C677C675-C974-422E-BEE3-743C1AF4D560}"
EndProject
Project("{FAE04EC0-301F-11D3-BF4B-00C04F79EFBC}") = "Tyuiu.ZhuravlevKD.Sprint0.Task4.V0", "Tyuiu.ZhuravlevKD.Sprint0.Task4.V0\Tyuiu.ZhuravlevKD.Sprint0.Task4.V0.csproj", "{1606E238-6246-42D0-8466-51CA4D321D09}"
EndProject
Project("{FAE04EC0-301F-11D3-BF4B-00C04F79EFBC}") = "Tyuiu.ZhuravlevKD.Sprint0.Task4.V0.Lib", "Tyuiu.ZhuravlevKD.Sprint0.Task4.V0.Lib\Tyuiu.ZhuravlevKD.Sprint0.Task4.V0.Lib.csproj", "{051897CC-01F7-4DB5-9104-CF9FB06BE4FE}"
EndProject
Project("{FAE04EC0-301F-11D3-BF4B-00C04F79EFBC}") = "Tyuiu.ZhuravlevKD.Sprint0.Task4.V0.Test", "Tyuiu.ZhuravlevKD.Sprint0.Task4.V0.Test\Tyuiu.ZhuravlevKD.Sprint0.Task4.V0.Test.csproj", "{A99A84A3-D7B5-401F-A6EC-E113AD2E612D}"
EndProject
Global
	GlobalSection(SolutionConfigurationPlatforms) = preSolution
		Debug|Any CPU = Debug|Any CPU
		Release|Any CPU = Release|Any CPU
	EndGlobalSection
	GlobalSection(ProjectConfigurationPlatforms) = postSolution
		{F1769CCD-B5E2-425E-A1A6-F91E1770F210}.Debug|Any CPU.ActiveCfg = Debug|Any CPU
		{F1769CCD-B5E2-425E-A1A6-F91E1770F210}.Debug|Any CPU.Build.0 = Debug|Any CPU
		{F1769CCD-B5E2-425E-A1A6-F91E1770F210}.Release|Any CPU.ActiveCfg = Release|Any CPU
		{F1769CCD-B5E2-425E-A1A6-F91E1770F210}.Release|Any CPU.Build.0 = Release|Any CPU
		{DFFBFAAF-5529-4891-8415-79B52294649C}.Debug|Any CPU.ActiveCfg = Debug|Any CPU
		{DFFBFAAF-5529-4891-8415-79B52294649C}.Debug|Any CPU.Build.0 = Debug|Any CPU
		{DFFBFAAF-5529-4891-8415-79B52294649C}.Release|Any CPU.ActiveCfg = Release|Any CPU
		{DFFBFAAF-5529-4891-8415-79B52294649C}.Release|Any CPU.Build.0 = Release|Any CPU
		{AFFB0314-7057-4149-9878-A6329390F8A8}.Debug|Any CPU.ActiveCfg = Debug|Any CPU
		{AFFB0314-7057-4149-9878-A6329390F8A8}.Debug|Any CPU.Build.0 = Debug|Any CPU
		{AFFB0314-7057-4149-9878-A6329390F8A8}.Release|Any CPU.ActiveCfg = Release|Any CPU
		{AFFB0314-7057-4149-9878-A6329390F8A8}.Release|Any CPU.Build.0 = Release|Any CPU
		{C99978DB-6699-40DB-88BF-7D599AD2B7BB}.Debug|Any CPU.ActiveCfg = Debug|Any CPU
		{C99978DB-6699-40DB-88BF-7D599AD2B7BB}.Debug|Any CPU.Build.0 = Debug|Any CPU
		{C99978DB-6699-40DB-88BF-7D599AD2B7BB}.Release|Any CPU.ActiveCfg = Release|Any CPU
		{C99978DB-6699-40DB-88BF-7D599AD2B7BB}.Release|Any CPU.Build.0 = Release|Any CPU
		{43010A9E-0CFD-4E9A-A477-0E63DF46E3FC}.Debug|Any CPU.ActiveCfg = Debug|Any CPU
		{43010A9E-0CFD-4E9A-A477-0E63DF46E3FC}.Debug|Any CPU.Build.0 = Debug|Any CPU
		{43010A9E-0CFD-4E9A-A477-0E63DF46E3FC}.Release|Any CPU.ActiveCfg = Release|Any CPU
		{43010A9E-0CFD-4E9A-A477-0E63DF46E3FC}.Release|Any CPU.Build.0 = Release|Any CPU
		{1372B528-4179-49C5-936D-B1C7588F1BB7}.Debug|Any CPU.ActiveCfg = Debug|Any CPU
		{1372B528-4179-49C5-936D-B1C7588F1BB7}.Debug|Any CPU.Build.0 = Debug|Any CPU
		{1372B528-4179-49C5-936D-B1C7588F1BB7}.Release|Any CPU.ActiveCfg = Release|Any CPU
		{1372B528-4179-49C5-936D-B1C7588F1BB7}.Release|Any CPU.Build.0 = Release|Any CPU
		{7C91DC93-3374-4B3D-BF6E-4E728211EF2E}.Debug|Any CPU.ActiveCfg = Debug|Any CPU
		{7C91DC93-3374-4B3D-BF6E-4E728211EF2E}.Debug|Any CPU.Build.0 = Debug|Any CPU
		{7C91DC93-3374-4B3D-BF6E-4E728211EF2E}.Release|Any CPU.ActiveCfg = Release|Any CPU
		{7C91DC93-3374-4B3D-BF6E-4E728211EF2E}.Release|Any CPU.Build.0 = Release|Any CPU
		{07A65E2B-4283-4049-B381-350DFA262904}.Debug|Any CPU.ActiveCfg = Debug|Any CPU
		{07A65E2B-4283-4049-B381-350DFA262904}.Debug|Any CPU.Build.0 = Debug|Any CPU
		{07A65E2B-4283-4049-B381-350DFA262904}.Release|Any CPU.ActiveCfg = Release|Any CPU
		{07A65E2B-4283-4049-B381-350DFA262904}.Release|Any CPU.Build.0 = Release|Any CPU
		{1606E238-6246-42D0-8466-51CA4D321D09}.Debug|Any CPU.ActiveCfg = Debug|Any CPU
		{1606E238-6246-42D0-8466-51CA4D321D09}.Debug|Any CPU.Build.0 = Debug|Any CPU
		{1606E238-6246-42D0-8466-51CA4D321D09}.Release|Any CPU.ActiveCfg = Release|Any CPU
		{1606E238-6246-42D0-8466-51CA4D321D09}.Release|Any CPU.Build.0 = Release|Any CPU
		{051897CC-01F7-4DB5-9104-CF9FB06BE4FE}.Debug|Any CPU.ActiveCfg = Debug|Any CPU
		{051897CC-01F7-4DB5-9104-CF9FB06BE4FE}.Debug|Any CPU.Build.0 = Debug|Any CPU
		{051897CC-01F7-4DB5-9104-CF9FB06BE4FE}.Release|Any CPU.ActiveCfg = Release|Any CPU
		{051897CC-01F7-4DB5-9104-CF9FB06BE4FE}.Release|Any CPU.Build.0 = Release|Any CPU
		{A99A84A3-D7B5-401F-A6EC-E113AD2E612D}.Debug|Any CPU.ActiveCfg = Debug|Any CPU
		{A99A84A3-D7B5-401F-A6EC-E113AD2E612D}.Debug|Any CPU.Build.0 = Debug|Any CPU
		{A99A84A3-D7B5-401F-A6EC-E113AD2E612D}.Release|Any CPU.ActiveCfg = Release|Any CPU
		{A99A84A3-D7B5-401F-A6EC-E113AD2E612D}.Release|Any CPU.Build.0 = Release|Any CPU
	EndGlobalSection
	GlobalSection(NestedProjects) = preSolution
		{AFFB0314-7057-4149-9878-A6329390F8A8} = {B5E5521B-B272-4142-80C9-C297397F0CDF}
		{C99978DB-6699-40DB-88BF-7D599AD2B7BB} = {B5E5521B-B272-4142-80C9-C297397F0CDF}
		{43010A9E-0CFD-4E9A-A477-0E63DF46E3FC} = {B5E5521B-B272-4142-80C9-C297397F0CDF}
		{1372B528-4179-49C5-936D-B1C7588F1BB7} = {49C6F5FA-F5E0-4448-972C-059BA94E7819}
		{7C91DC93-3374-4B3D-BF6E-4E728211EF2E} = {49C6F5FA-F5E0-4448-972C-059BA94E7819}
		{07A65E2B-4283-4049-B381-350DFA262904} = {49C6F5FA-F5E0-4448-972C-059BA94E7819}
		{1606E238-6246-42D0-8466-51CA4D321D09} = {C677C675-C974-422E-BEE3-743C1AF4D560}
		{051897CC-01F7-4DB5-9104-CF9FB06BE4FE} = {C677C675-C974-422E-BEE3-743C1AF4D560}
		{A99A84A3-D7B5-401F-A6EC-E113AD2E612D} = {C677C675-C974-422E-BEE3-743C1AF4D560}
	EndGlobalSection
EndGlobal
